
Microsoft Visual Studio Solution File, Format Version 12.00
# Visual Studio Version 16
VisualStudioVersion = 16.0.30128.74
MinimumVisualStudioVersion = 10.0.40219.1
Project("{FAE04EC0-301F-11D3-BF4B-00C04F79EFBC}") = "DiscordBot", "DiscordBot\DiscordBot.csproj", "{88B5DD41-B7A3-4150-A954-ED1DBC2E884A}"
EndProject
Global
	GlobalSection(SolutionConfigurationPlatforms) = preSolution
		Debug|Any CPU = Debug|Any CPU
		Release|Any CPU = Release|Any CPU
	EndGlobalSection
	GlobalSection(ProjectConfigurationPlatforms) = postSolution
		{88B5DD41-B7A3-4150-A954-ED1DBC2E884A}.Debug|Any CPU.ActiveCfg = Debug|Any CPU
		{88B5DD41-B7A3-4150-A954-ED1DBC2E884A}.Debug|Any CPU.Build.0 = Debug|Any CPU
		{88B5DD41-B7A3-4150-A954-ED1DBC2E884A}.Release|Any CPU.ActiveCfg = Release|Any CPU
		{88B5DD41-B7A3-4150-A954-ED1DBC2E884A}.Release|Any CPU.Build.0 = Release|Any CPU
	EndGlobalSection
	GlobalSection(SolutionProperties) = preSolution
		HideSolutionNode = FALSE
	EndGlobalSection
	GlobalSection(ExtensibilityGlobals) = postSolution
		SolutionGuid = {6ECF212B-E13F-4D7A-A013-B101778B97D3}
	EndGlobalSection
EndGlobal
